// !$*UTF8*$!
{
	archiveVersion = 1;
	classes = {
	};
	objectVersion = 50;
	objects = {

/* Begin PBXBuildFile section */
		EB22FDA725FEDA6A005E0099 /* AppDelegate.swift in Sources */ = {isa = PBXBuildFile; fileRef = EB22FDA625FEDA6A005E0099 /* AppDelegate.swift */; };
		EB22FDA925FEDA6A005E0099 /* SceneDelegate.swift in Sources */ = {isa = PBXBuildFile; fileRef = EB22FDA825FEDA6A005E0099 /* SceneDelegate.swift */; };
		EB22FDAB25FEDA6A005E0099 /* ViewController.swift in Sources */ = {isa = PBXBuildFile; fileRef = EB22FDAA25FEDA6A005E0099 /* ViewController.swift */; };
		EB22FDAE25FEDA6A005E0099 /* Main.storyboard in Resources */ = {isa = PBXBuildFile; fileRef = EB22FDAC25FEDA6A005E0099 /* Main.storyboard */; };
		EB22FDB025FEDA6C005E0099 /* Assets.xcassets in Resources */ = {isa = PBXBuildFile; fileRef = EB22FDAF25FEDA6C005E0099 /* Assets.xcassets */; };
		EB22FDB325FEDA6C005E0099 /* LaunchScreen.storyboard in Resources */ = {isa = PBXBuildFile; fileRef = EB22FDB125FEDA6C005E0099 /* LaunchScreen.storyboard */; };
/* End PBXBuildFile section */

/* Begin PBXFileReference section */
		EB22FDA325FEDA6A005E0099 /* HeaderScrollAnimation.app */ = {isa = PBXFileReference; explicitFileType = wrapper.application; includeInIndex = 0; path = HeaderScrollAnimation.app; sourceTree = BUILT_PRODUCTS_DIR; };
		EB22FDA625FEDA6A005E0099 /* AppDelegate.swift */ = {isa = PBXFileReference; lastKnownFileType = sourcecode.swift; path = AppDelegate.swift; sourceTree = "<group>"; };
		EB22FDA825FEDA6A005E0099 /* SceneDelegate.swift */ = {isa = PBXFileReference; lastKnownFileType = sourcecode.swift; path = SceneDelegate.swift; sourceTree = "<group>"; };
		EB22FDAA25FEDA6A005E0099 /* ViewController.swift */ = {isa = PBXFileReference; lastKnownFileType = sourcecode.swift; path = ViewController.swift; sourceTree = "<group>"; };
		EB22FDAD25FEDA6A005E0099 /* Base */ = {isa = PBXFileReference; lastKnownFileType = file.storyboard; name = Base; path = Base.lproj/Main.storyboard; sourceTree = "<group>"; };
		EB22FDAF25FEDA6C005E0099 /* Assets.xcassets */ = {isa = PBXFileReference; lastKnownFileType = folder.assetcatalog; path = Assets.xcassets; sourceTree = "<group>"; };
		EB22FDB225FEDA6C005E0099 /* Base */ = {isa = PBXFileReference; lastKnownFileType = file.storyboard; name = Base; path = Base.lproj/LaunchScreen.storyboard; sourceTree = "<group>"; };
		EB22FDB425FEDA6C005E0099 /* Info.plist */ = {isa = PBXFileReference; lastKnownFileType = text.plist.xml; path = Info.plist; sourceTree = "<group>"; };
/* End PBXFileReference section */

/* Begin PBXFrameworksBuildPhase section */
		EB22FDA025FEDA6A005E0099 /* Frameworks */ = {
			isa = PBXFrameworksBuildPhase;
			buildActionMask = 2147483647;
			files = (
			);
			runOnlyForDeploymentPostprocessing = 0;
		};
/* End PBXFrameworksBuildPhase section */

/* Begin PBXGroup section */
		EB22FD9A25FEDA6A005E0099 = {
			isa = PBXGroup;
			children = (
				EB22FDA525FEDA6A005E0099 /* HeaderScrollAnimation */,
				EB22FDA425FEDA6A005E0099 /* Products */,
			);
			sourceTree = "<group>";
		};
		EB22FDA425FEDA6A005E0099 /* Products */ = {
			isa = PBXGroup;
			children = (
				EB22FDA325FEDA6A005E0099 /* HeaderScrollAnimation.app */,
			);
			name = Products;
			sourceTree = "<group>";
		};
		EB22FDA525FEDA6A005E0099 /* HeaderScrollAnimation */ = {
			isa = PBXGroup;
			children = (
				EB22FDA625FEDA6A005E0099 /* AppDelegate.swift */,
				EB22FDA825FEDA6A005E0099 /* SceneDelegate.swift */,
				EB22FDAA25FEDA6A005E0099 /* ViewController.swift */,
				EB22FDAC25FEDA6A005E0099 /* Main.storyboard */,
				EB22FDAF25FEDA6C005E0099 /* Assets.xcassets */,
				EB22FDB125FEDA6C005E0099 /* LaunchScreen.storyboard */,
				EB22FDB425FEDA6C005E0099 /* Info.plist */,
			);
			path = HeaderScrollAnimation;
			sourceTree = "<group>";
		};
/* End PBXGroup section */

/* Begin PBXNativeTarget section */
		EB22FDA225FEDA6A005E0099 /* HeaderScrollAnimation */ = {
			isa = PBXNativeTarget;
			buildConfigurationList = EB22FDB725FEDA6C005E0099 /* Build configuration list for PBXNativeTarget "HeaderScrollAnimation" */;
			buildPhases = (
				EB22FD9F25FEDA6A005E0099 /* Sources */,
				EB22FDA025FEDA6A005E0099 /* Frameworks */,
				EB22FDA125FEDA6A005E0099 /* Resources */,
			);
			buildRules = (
			);
			dependencies = (
			);
			name = HeaderScrollAnimation;
			productName = HeaderScrollAnimation;
			productReference = EB22FDA325FEDA6A005E0099 /* HeaderScrollAnimation.app */;
			productType = "com.apple.product-type.application";
		};
/* End PBXNativeTarget section */

/* Begin PBXProject section */
		EB22FD9B25FEDA6A005E0099 /* Project object */ = {
			isa = PBXProject;
			attributes = {
				LastSwiftUpdateCheck = 1240;
				LastUpgradeCheck = 1240;
				TargetAttributes = {
					EB22FDA225FEDA6A005E0099 = {
						CreatedOnToolsVersion = 12.4;
					};
				};
			};
			buildConfigurationList = EB22FD9E25FEDA6A005E0099 /* Build configuration list for PBXProject "HeaderScrollAnimation" */;
			compatibilityVersion = "Xcode 9.3";
			developmentRegion = en;
			hasScannedForEncodings = 0;
			knownRegions = (
				en,
				Base,
			);
			mainGroup = EB22FD9A25FEDA6A005E0099;
			productRefGroup = EB22FDA425FEDA6A005E0099 /* Products */;
			projectDirPath = "";
			projectRoot = "";
			targets = (
				EB22FDA225FEDA6A005E0099 /* HeaderScrollAnimation */,
			);
		};
/* End PBXProject section */

/* Begin PBXResourcesBuildPhase section */
		EB22FDA125FEDA6A005E0099 /* Resources */ = {
			isa = PBXResourcesBuildPhase;
			buildActionMask = 2147483647;
			files = (
				EB22FDB325FEDA6C005E0099 /* LaunchScreen.storyboard in Resources */,
				EB22FDB025FEDA6C005E0099 /* Assets.xcassets in Resources */,
				EB22FDAE25FEDA6A005E0099 /* Main.storyboard in Resources */,
			);
			runOnlyForDeploymentPostprocessing = 0;
		};
/* End PBXResourcesBuildPhase section */

/* Begin PBXSourcesBuildPhase section */
		EB22FD9F25FEDA6A005E0099 /* Sources */ = {
			isa = PBXSourcesBuildPhase;
			buildActionMask = 2147483647;
			files = (
				EB22FDAB25FEDA6A005E0099 /* ViewController.swift in Sources */,
				EB22FDA725FEDA6A005E0099 /* AppDelegate.swift in Sources */,
				EB22FDA925FEDA6A005E0099 /* SceneDelegate.swift in Sources */,
			);
			runOnlyForDeploymentPostprocessing = 0;
		};
/* End PBXSourcesBuildPhase section */

/* Begin PBXVariantGroup section */
		EB22FDAC25FEDA6A005E0099 /* Main.storyboard */ = {
			isa = PBXVariantGroup;
			children = (
				EB22FDAD25FEDA6A005E0099 /* Base */,
			);
			name = Main.storyboard;
			sourceTree = "<group>";
		};
		EB22FDB125FEDA6C005E0099 /* LaunchScreen.storyboard */ = {
			isa = PBXVariantGroup;
			children = (
				EB22FDB225FEDA6C005E0099 /* Base */,
			);
			name = LaunchScreen.storyboard;
			sourceTree = "<group>";
		};
/* End PBXVariantGroup section */

/* Begin XCBuildConfiguration section */
		EB22FDB525FEDA6C005E0099 /* Debug */ = {
			isa = XCBuildConfiguration;
			buildSettings = {
				ALWAYS_SEARCH_USER_PATHS = NO;
				CLANG_ANALYZER_NONNULL = YES;
				CLANG_ANALYZER_NUMBER_OBJECT_CONVERSION = YES_AGGRESSIVE;
				CLANG_CXX_LANGUAGE_STANDARD = "gnu++14";
				CLANG_CXX_LIBRARY = "libc++";
				CLANG_ENABLE_MODULES = YES;
				CLANG_ENABLE_OBJC_ARC = YES;
				CLANG_ENABLE_OBJC_WEAK = YES;
				CLANG_WARN_BLOCK_CAPTURE_AUTORELEASING = YES;
				CLANG_WARN_BOOL_CONVERSION = YES;
				CLANG_WARN_COMMA = YES;
				CLANG_WARN_CONSTANT_CONVERSION = YES;
				CLANG_WARN_DEPRECATED_OBJC_IMPLEMENTATIONS = YES;
				CLANG_WARN_DIRECT_OBJC_ISA_USAGE = YES_ERROR;
				CLANG_WARN_DOCUMENTATION_COMMENTS = YES;
				CLANG_WARN_EMPTY_BODY = YES;
				CLANG_WARN_ENUM_CONVERSION = YES;
				CLANG_WARN_INFINITE_RECURSION = YES;
				CLANG_WARN_INT_CONVERSION = YES;
				CLANG_WARN_NON_LITERAL_NULL_CONVERSION = YES;
				CLANG_WARN_OBJC_IMPLICIT_RETAIN_SELF = YES;
				CLANG_WARN_OBJC_LITERAL_CONVERSION = YES;
				CLANG_WARN_OBJC_ROOT_CLASS = YES_ERROR;
				CLANG_WARN_QUOTED_INCLUDE_IN_FRAMEWORK_HEADER = YES;
				CLANG_WARN_RANGE_LOOP_ANALYSIS = YES;
				CLANG_WARN_STRICT_PROTOTYPES = YES;
				CLANG_WARN_SUSPICIOUS_MOVE = YES;
				CLANG_WARN_UNGUARDED_AVAILABILITY = YES_AGGRESSIVE;
				CLANG_WARN_UNREACHABLE_CODE = YES;
				CLANG_WARN__DUPLICATE_METHOD_MATCH = YES;
				COPY_PHASE_STRIP = NO;
				DEBUG_INFORMATION_FORMAT = dwarf;
				ENABLE_STRICT_OBJC_MSGSEND = YES;
				ENABLE_TESTABILITY = YES;
				GCC_C_LANGUAGE_STANDARD = gnu11;
				GCC_DYNAMIC_NO_PIC = NO;
				GCC_NO_COMMON_BLOCKS = YES;
				GCC_OPTIMIZATION_LEVEL = 0;
				GCC_PREPROCESSOR_DEFINITIONS = (
					"DEBUG=1",
					"$(inherited)",
				);
				GCC_WARN_64_TO_32_BIT_CONVERSION = YES;
				GCC_WARN_ABOUT_RETURN_TYPE = YES_ERROR;
				GCC_WARN_UNDECLARED_SELECTOR = YES;
				GCC_WARN_UNINITIALIZED_AUTOS = YES_AGGRESSIVE;
				GCC_WARN_UNUSED_FUNCTION = YES;
				GCC_WARN_UNUSED_VARIABLE = YES;
				IPHONEOS_DEPLOYMENT_TARGET = 14.4;
				MTL_ENABLE_DEBUG_INFO = INCLUDE_SOURCE;
				MTL_FAST_MATH = YES;
				ONLY_ACTIVE_ARCH = YES;
				SDKROOT = iphoneos;
				SWIFT_ACTIVE_COMPILATION_CONDITIONS = DEBUG;
				SWIFT_OPTIMIZATION_LEVEL = "-Onone";
			};
			name = Debug;
		};
		EB22FDB625FEDA6C005E0099 /* Release */ = {
			isa = XCBuildConfiguration;
			buildSettings = {
				ALWAYS_SEARCH_USER_PATHS = NO;
				CLANG_ANALYZER_NONNULL = YES;
				CLANG_ANALYZER_NUMBER_OBJECT_CONVERSION = YES_AGGRESSIVE;
				CLANG_CXX_LANGUAGE_STANDARD = "gnu++14";
				CLANG_CXX_LIBRARY = "libc++";
				CLANG_ENABLE_MODULES = YES;
				CLANG_ENABLE_OBJC_ARC = YES;
				CLANG_ENABLE_OBJC_WEAK = YES;
				CLANG_WARN_BLOCK_CAPTURE_AUTORELEASING = YES;
				CLANG_WARN_BOOL_CONVERSION = YES;
				CLANG_WARN_COMMA = YES;
				CLANG_WARN_CONSTANT_CONVERSION = YES;
				CLANG_WARN_DEPRECATED_OBJC_IMPLEMENTATIONS = YES;
				CLANG_WARN_DIRECT_OBJC_ISA_USAGE = YES_ERROR;
				CLANG_WARN_DOCUMENTATION_COMMENTS = YES;
				CLANG_WARN_EMPTY_BODY = YES;
				CLANG_WARN_ENUM_CONVERSION = YES;
				CLANG_WARN_INFINITE_RECURSION = YES;
				CLANG_WARN_INT_CONVERSION = YES;
				CLANG_WARN_NON_LITERAL_NULL_CONVERSION = YES;
				CLANG_WARN_OBJC_IMPLICIT_RETAIN_SELF = YES;
				CLANG_WARN_OBJC_LITERAL_CONVERSION = YES;
				CLANG_WARN_OBJC_ROOT_CLASS = YES_ERROR;
				CLANG_WARN_QUOTED_INCLUDE_IN_FRAMEWORK_HEADER = YES;
				CLANG_WARN_RANGE_LOOP_ANALYSIS = YES;
				CLANG_WARN_STRICT_PROTOTYPES = YES;
				CLANG_WARN_SUSPICIOUS_MOVE = YES;
				CLANG_WARN_UNGUARDED_AVAILABILITY = YES_AGGRESSIVE;
				CLANG_WARN_UNREACHABLE_CODE = YES;
				CLANG_WARN__DUPLICATE_METHOD_MATCH = YES;
				COPY_PHASE_STRIP = NO;
				DEBUG_INFORMATION_FORMAT = "dwarf-with-dsym";
				ENABLE_NS_ASSERTIONS = NO;
				ENABLE_STRICT_OBJC_MSGSEND = YES;
				GCC_C_LANGUAGE_STANDARD = gnu11;
				GCC_NO_COMMON_BLOCKS = YES;
				GCC_WARN_64_TO_32_BIT_CONVERSION = YES;
				GCC_WARN_ABOUT_RETURN_TYPE = YES_ERROR;
				GCC_WARN_UNDECLARED_SELECTOR = YES;
				GCC_WARN_UNINITIALIZED_AUTOS = YES_AGGRESSIVE;
				GCC_WARN_UNUSED_FUNCTION = YES;
				GCC_WARN_UNUSED_VARIABLE = YES;
				IPHONEOS_DEPLOYMENT_TARGET = 14.4;
				MTL_ENABLE_DEBUG_INFO = NO;
				MTL_FAST_MATH = YES;
				SDKROOT = iphoneos;
				SWIFT_COMPILATION_MODE = wholemodule;
				SWIFT_OPTIMIZATION_LEVEL = "-O";
				VALIDATE_PRODUCT = YES;
			};
			name = Release;
		};
		EB22FDB825FEDA6C005E0099 /* Debug */ = {
			isa = XCBuildConfiguration;
			buildSettings = {
				ASSETCATALOG_COMPILER_APPICON_NAME = AppIcon;
				ASSETCATALOG_COMPILER_GLOBAL_ACCENT_COLOR_NAME = AccentColor;
				CODE_SIGN_STYLE = Automatic;
				DEVELOPMENT_TEAM = C2R2Y7C82Q;
				INFOPLIST_FILE = HeaderScrollAnimation/Info.plist;
				LD_RUNPATH_SEARCH_PATHS = (
					"$(inherited)",
					"@executable_path/Frameworks",
				);
				PRODUCT_BUNDLE_IDENTIFIER = com.lesniak.HeaderScrollAnimation;
				PRODUCT_NAME = "$(TARGET_NAME)";
				SWIFT_VERSION = 5.0;
				TARGETED_DEVICE_FAMILY = "1,2";
			};
			name = Debug;
		};
		EB22FDB925FEDA6C005E0099 /* Release */ = {
			isa = XCBuildConfiguration;
			buildSettings = {
				ASSETCATALOG_COMPILER_APPICON_NAME = AppIcon;
				ASSETCATALOG_COMPILER_GLOBAL_ACCENT_COLOR_NAME = AccentColor;
				CODE_SIGN_STYLE = Automatic;
				DEVELOPMENT_TEAM = C2R2Y7C82Q;
				INFOPLIST_FILE = HeaderScrollAnimation/Info.plist;
				LD_RUNPATH_SEARCH_PATHS = (
					"$(inherited)",
					"@executable_path/Frameworks",
				);
				PRODUCT_BUNDLE_IDENTIFIER = com.lesniak.HeaderScrollAnimation;
				PRODUCT_NAME = "$(TARGET_NAME)";
				SWIFT_VERSION = 5.0;
				TARGETED_DEVICE_FAMILY = "1,2";
			};
			name = Release;
		};
/* End XCBuildConfiguration section */

/* Begin XCConfigurationList section */
		EB22FD9E25FEDA6A005E0099 /* Build configuration list for PBXProject "HeaderScrollAnimation" */ = {
			isa = XCConfigurationList;
			buildConfigurations = (
				EB22FDB525FEDA6C005E0099 /* Debug */,
				EB22FDB625FEDA6C005E0099 /* Release */,
			);
			defaultConfigurationIsVisible = 0;
			defaultConfigurationName = Release;
		};
		EB22FDB725FEDA6C005E0099 /* Build configuration list for PBXNativeTarget "HeaderScrollAnimation" */ = {
			isa = XCConfigurationList;
			buildConfigurations = (
				EB22FDB825FEDA6C005E0099 /* Debug */,
				EB22FDB925FEDA6C005E0099 /* Release */,
			);
			defaultConfigurationIsVisible = 0;
			defaultConfigurationName = Release;
		};
/* End XCConfigurationList section */
	};
	rootObject = EB22FD9B25FEDA6A005E0099 /* Project object */;
}
